
Microsoft Visual Studio Solution File, Format Version 12.00
# Visual Studio Version 17
VisualStudioVersion = 17.11.35312.102
MinimumVisualStudioVersion = 10.0.40219.1
Project("{FAE04EC0-301F-11D3-BF4B-00C04F79EFBC}") = "CRUD con C#", "CRUD con C#\CRUD con C#.csproj", "{DFDEC477-ECBC-4929-80C8-A44751B20F8B}"
EndProject
Global
	GlobalSection(SolutionConfigurationPlatforms) = preSolution
		Debug|Any CPU = Debug|Any CPU
		Release|Any CPU = Release|Any CPU
	EndGlobalSection
	GlobalSection(ProjectConfigurationPlatforms) = postSolution
		{DFDEC477-ECBC-4929-80C8-A44751B20F8B}.Debug|Any CPU.ActiveCfg = Debug|Any CPU
		{DFDEC477-ECBC-4929-80C8-A44751B20F8B}.Debug|Any CPU.Build.0 = Debug|Any CPU
		{DFDEC477-ECBC-4929-80C8-A44751B20F8B}.Release|Any CPU.ActiveCfg = Release|Any CPU
		{DFDEC477-ECBC-4929-80C8-A44751B20F8B}.Release|Any CPU.Build.0 = Release|Any CPU
	EndGlobalSection
	GlobalSection(SolutionProperties) = preSolution
		HideSolutionNode = FALSE
	EndGlobalSection
	GlobalSection(ExtensibilityGlobals) = postSolution
		SolutionGuid = {3440B0D0-70F5-4C6C-A3B4-0F7C8BE6E73B}
	EndGlobalSection
EndGlobal
